
Microsoft Visual Studio Solution File, Format Version 12.00
# Visual Studio 15
VisualStudioVersion = 15.0.27428.2037
MinimumVisualStudioVersion = 10.0.40219.1
Project("{9A19103F-16F7-4668-BE54-9A1E7A4F7556}") = "TodoTutorial.App", "TodoTutorial\TodoTutorial.App.csproj", "{64080249-1AF2-4D15-A0CC-DA0DFBCC3503}"
EndProject
Project("{FAE04EC0-301F-11D3-BF4B-00C04F79EFBC}") = "TodoTutorial.Domain", "TodoTutorial.Domain\TodoTutorial.Domain.csproj", "{F997D277-04B7-4E0F-800D-3913005ACC9B}"
EndProject
Project("{FAE04EC0-301F-11D3-BF4B-00C04F79EFBC}") = "TodoTutorial.Data", "TodoTutorial.Data\TodoTutorial.Data.csproj", "{231A0E9A-E4E9-482F-BA74-EE6A2E0F3594}"
EndProject
Project("{FAE04EC0-301F-11D3-BF4B-00C04F79EFBC}") = "TodoTutorial.Domain.Models", "TodoTutorial.Domain.Models\TodoTutorial.Domain.Models.csproj", "{D7CADD08-1A50-48F5-9672-5765B50A1F53}"
EndProject
Global
	GlobalSection(SolutionConfigurationPlatforms) = preSolution
		Debug|Any CPU = Debug|Any CPU
		Release|Any CPU = Release|Any CPU
	EndGlobalSection
	GlobalSection(ProjectConfigurationPlatforms) = postSolution
		{64080249-1AF2-4D15-A0CC-DA0DFBCC3503}.Debug|Any CPU.ActiveCfg = Debug|Any CPU
		{64080249-1AF2-4D15-A0CC-DA0DFBCC3503}.Debug|Any CPU.Build.0 = Debug|Any CPU
		{64080249-1AF2-4D15-A0CC-DA0DFBCC3503}.Release|Any CPU.ActiveCfg = Release|Any CPU
		{64080249-1AF2-4D15-A0CC-DA0DFBCC3503}.Release|Any CPU.Build.0 = Release|Any CPU
		{F997D277-04B7-4E0F-800D-3913005ACC9B}.Debug|Any CPU.ActiveCfg = Debug|Any CPU
		{F997D277-04B7-4E0F-800D-3913005ACC9B}.Debug|Any CPU.Build.0 = Debug|Any CPU
		{F997D277-04B7-4E0F-800D-3913005ACC9B}.Release|Any CPU.ActiveCfg = Release|Any CPU
		{F997D277-04B7-4E0F-800D-3913005ACC9B}.Release|Any CPU.Build.0 = Release|Any CPU
		{231A0E9A-E4E9-482F-BA74-EE6A2E0F3594}.Debug|Any CPU.ActiveCfg = Debug|Any CPU
		{231A0E9A-E4E9-482F-BA74-EE6A2E0F3594}.Debug|Any CPU.Build.0 = Debug|Any CPU
		{231A0E9A-E4E9-482F-BA74-EE6A2E0F3594}.Release|Any CPU.ActiveCfg = Release|Any CPU
		{231A0E9A-E4E9-482F-BA74-EE6A2E0F3594}.Release|Any CPU.Build.0 = Release|Any CPU
		{D7CADD08-1A50-48F5-9672-5765B50A1F53}.Debug|Any CPU.ActiveCfg = Debug|Any CPU
		{D7CADD08-1A50-48F5-9672-5765B50A1F53}.Debug|Any CPU.Build.0 = Debug|Any CPU
		{D7CADD08-1A50-48F5-9672-5765B50A1F53}.Release|Any CPU.ActiveCfg = Release|Any CPU
		{D7CADD08-1A50-48F5-9672-5765B50A1F53}.Release|Any CPU.Build.0 = Release|Any CPU
	EndGlobalSection
	GlobalSection(SolutionProperties) = preSolution
		HideSolutionNode = FALSE
	EndGlobalSection
	GlobalSection(ExtensibilityGlobals) = postSolution
		SolutionGuid = {2EA5D97D-6F89-43B4-827C-3C8B4FE04D43}
	EndGlobalSection
EndGlobal
